Microsoft Visual Studio Solution File, Format Version 12.00
# Visual Studio Version 17
VisualStudioVersion = 17.5.2.0
MinimumVisualStudioVersion = 10.0.40219.1
Project("{FAE04EC0-301F-11D3-BF4B-00C04F79EFBC}") = "dotnet-basics", "dotnet-basics\dotnet-basics.csproj", "{3EDE4B7E-E527-79F5-E9D9-C1172142DFEB}"
EndProject
Global
	GlobalSection(SolutionConfigurationPlatforms) = preSolution
		Debug|Any CPU = Debug|Any CPU
		Release|Any CPU = Release|Any CPU
	EndGlobalSection
	GlobalSection(ProjectConfigurationPlatforms) = postSolution
		{3EDE4B7E-E527-79F5-E9D9-C1172142DFEB}.Debug|Any CPU.ActiveCfg = Debug|Any CPU
		{3EDE4B7E-E527-79F5-E9D9-C1172142DFEB}.Debug|Any CPU.Build.0 = Debug|Any CPU
		{3EDE4B7E-E527-79F5-E9D9-C1172142DFEB}.Release|Any CPU.ActiveCfg = Release|Any CPU
		{3EDE4B7E-E527-79F5-E9D9-C1172142DFEB}.Release|Any CPU.Build.0 = Release|Any CPU
	EndGlobalSection
	GlobalSection(SolutionProperties) = preSolution
		HideSolutionNode = FALSE
	EndGlobalSection
	GlobalSection(ExtensibilityGlobals) = postSolution
		SolutionGuid = {493BBBEA-6881-4341-A250-2C4C1A0BD62D}
	EndGlobalSection
EndGlobal
