Microsoft Visual Studio Solution File, Format Version 12.00
# Visual Studio Version 17
VisualStudioVersion = 17.5.2.0
MinimumVisualStudioVersion = 10.0.40219.1
Project("{FAE04EC0-301F-11D3-BF4B-00C04F79EFBC}") = "dotnet-basics", "dotnet-basics.csproj", "{F354B060-25DB-15F1-1FEE-A0832D19AB7F}"
EndProject
Global
	GlobalSection(SolutionConfigurationPlatforms) = preSolution
		Debug|Any CPU = Debug|Any CPU
		Release|Any CPU = Release|Any CPU
	EndGlobalSection
	GlobalSection(ProjectConfigurationPlatforms) = postSolution
		{F354B060-25DB-15F1-1FEE-A0832D19AB7F}.Debug|Any CPU.ActiveCfg = Debug|Any CPU
		{F354B060-25DB-15F1-1FEE-A0832D19AB7F}.Debug|Any CPU.Build.0 = Debug|Any CPU
		{F354B060-25DB-15F1-1FEE-A0832D19AB7F}.Release|Any CPU.ActiveCfg = Release|Any CPU
		{F354B060-25DB-15F1-1FEE-A0832D19AB7F}.Release|Any CPU.Build.0 = Release|Any CPU
	EndGlobalSection
	GlobalSection(SolutionProperties) = preSolution
		HideSolutionNode = FALSE
	EndGlobalSection
	GlobalSection(ExtensibilityGlobals) = postSolution
		SolutionGuid = {98051304-C38A-4000-88F1-590AD97CF20D}
	EndGlobalSection
EndGlobal
